
Microsoft Visual Studio Solution File, Format Version 12.00
Project("{FAE04EC0-301F-11D3-BF4B-00C04F79EFBC}") = "WellKnownJwtTester", "WellKnownJwtTester\WellKnownJwtTester.csproj", "{3CFFD870-748C-4DF0-897B-C21D28B3A644}"
EndProject
Project("{FAE04EC0-301F-11D3-BF4B-00C04F79EFBC}") = "WellKnownJwtTests", "WellKnownJwtTests\WellKnownJwtTests.csproj", "{B2300E3F-52D2-45BE-BF60-03881B658A1F}"
EndProject
Project("{2150E333-8FDC-42A3-9474-1A3956D46DE8}") = "SolutionItems", "SolutionItems", "{009EAEAA-F0FB-414C-BF7C-5C56308C04F6}"
	ProjectSection(SolutionItems) = preProject
		readme.md = readme.md
	EndProjectSection
EndProject
Global
	GlobalSection(SolutionConfigurationPlatforms) = preSolution
		Debug|Any CPU = Debug|Any CPU
		Release|Any CPU = Release|Any CPU
	EndGlobalSection
	GlobalSection(ProjectConfigurationPlatforms) = postSolution
		{3CFFD870-748C-4DF0-897B-C21D28B3A644}.Debug|Any CPU.ActiveCfg = Debug|Any CPU
		{3CFFD870-748C-4DF0-897B-C21D28B3A644}.Debug|Any CPU.Build.0 = Debug|Any CPU
		{3CFFD870-748C-4DF0-897B-C21D28B3A644}.Release|Any CPU.ActiveCfg = Release|Any CPU
		{3CFFD870-748C-4DF0-897B-C21D28B3A644}.Release|Any CPU.Build.0 = Release|Any CPU
		{B2300E3F-52D2-45BE-BF60-03881B658A1F}.Debug|Any CPU.ActiveCfg = Debug|Any CPU
		{B2300E3F-52D2-45BE-BF60-03881B658A1F}.Debug|Any CPU.Build.0 = Debug|Any CPU
		{B2300E3F-52D2-45BE-BF60-03881B658A1F}.Release|Any CPU.ActiveCfg = Release|Any CPU
		{B2300E3F-52D2-45BE-BF60-03881B658A1F}.Release|Any CPU.Build.0 = Release|Any CPU
	EndGlobalSection
EndGlobal
